{
  "R": {
    "Version": "4.4.1",
    "Repositories": [
      {
        "Name": "CRAN",
        "URL": "https://packagemanager.posit.co/cran/latest"
      }
    ]
  },
  "Packages": {
    "R6": {
      "Package": "R6",
      "Version": "2.6.1",
      "Source": "Repository",
      "Repository": "CRAN",
      "Requirements": [
        "R"
      ],
      "Hash": "d4335fe7207f1c01ab8c41762f5840d4"
    },
    "Rcpp": {
      "Package": "Rcpp",
      "Version": "1.0.14",
      "Source": "Repository",
      "Repository": "CRAN",
      "Requirements": [
        "methods",
        "utils"
      ],
      "Hash": "e7bdd9ee90e96921ca8a0f1972d66682"
    },
    "cli": {
      "Package": "cli",
      "Version": "3.6.4",
      "Source": "Repository",
      "Repository": "CRAN",
      "Requirements": [
        "R",
        "utils"
      ],
      "Hash": "491c34d3d9dd0d2fe13d9f278bb90795"
    },
    "crayon": {
      "Package": "crayon",
      "Version": "1.5.3",
      "Source": "Repository",
      "Repository": "CRAN",
      "Requirements": [
        "grDevices",
        "methods",
        "utils"
      ],
      "Hash": "859d96e65ef198fd43e82b9628d593ef"
    },
    "curl": {
      "Package": "curl",
      "Version": "6.2.1",
      "Source": "Repository",
      "Repository": "CRAN",
      "Requirements": [
        "R"
      ],
      "Hash": "d65efa2a203bb99faa78690eee928f30"
    },
    "fastmap": {
      "Package": "fastmap",
      "Version": "1.2.0",
      "Source": "Repository",
      "Repository": "CRAN",
      "Hash": "aa5e1cd11c2d15497494c5292d7ffcc8"
    },
    "glue": {
      "Package": "glue",
      "Version": "1.8.0",
      "Source": "Repository",
      "Repository": "CRAN",
      "Requirements": [
        "R",
        "methods"
      ],
      "Hash": "5899f1eaa825580172bb56c08266f37c"
    },
    "httpuv": {
      "Package": "httpuv",
      "Version": "1.6.15",
      "Source": "Repository",
      "Repository": "CRAN",
      "Requirements": [
        "R",
        "R6",
        "Rcpp",
        "later",
        "promises",
        "utils"
      ],
      "Hash": "d55aa087c47a63ead0f6fc10f8fa1ee0"
    },
    "jsonlite": {
      "Package": "jsonlite",
      "Version": "1.9.1",
      "Source": "Repository",
      "Repository": "CRAN",
      "Requirements": [
        "methods"
      ],
      "Hash": "c72fbb0e7ee73ea7497ffeebe44f0d91"
    },
    "later": {
      "Package": "later",
      "Version": "1.4.1",
      "Source": "Repository",
      "Repository": "CRAN",
      "Requirements": [
        "Rcpp",
        "rlang"
      ],
      "Hash": "501744395cac0bab0fbcfab9375ae92c"
    },
    "lifecycle": {
      "Package": "lifecycle",
      "Version": "1.0.4",
      "Source": "Repository",
      "Repository": "CRAN",
      "Requirements": [
        "R",
        "cli",
        "glue",
        "rlang"
      ],
      "Hash": "b8552d117e1b808b09a832f589b79035"
    },
    "magrittr": {
      "Package": "magrittr",
      "Version": "2.0.3",
      "Source": "Repository",
      "Repository": "CRAN",
      "Requirements": [
        "R"
      ],
      "Hash": "7ce2733a9826b3aeb1775d56fd305472"
    },
    "mime": {
      "Package": "mime",
      "Version": "0.12",
      "Source": "Repository",
      "Repository": "CRAN",
      "Requirements": [
        "tools"
      ],
      "Hash": "18e9c28c1d3ca1560ce30658b22ce104"
    },
    "plumber": {
      "Package": "plumber",
      "Version": "1.3.0",
      "Source": "Repository",
      "Repository": "CRAN",
      "Requirements": [
        "R",
        "R6",
        "crayon",
        "httpuv",
        "jsonlite",
        "lifecycle",
        "magrittr",
        "mime",
        "promises",
        "rlang",
        "sodium",
        "stringi",
        "swagger",
        "webutils"
      ],
      "Hash": "503aef7ca1b72c9eb78112866984a94e"
    },
    "promises": {
      "Package": "promises",
      "Version": "1.3.2",
      "Source": "Repository",
      "Repository": "CRAN",
      "Requirements": [
        "R6",
        "Rcpp",
        "fastmap",
        "later",
        "magrittr",
        "rlang",
        "stats"
      ],
      "Hash": "c84fd4f75ea1f5434735e08b7f50fbca"
    },
    "randomForest": {
      "Package": "randomForest",
      "Version": "4.7-1.2",
      "Source": "Repository",
      "Repository": "CRAN",
      "Requirements": [
        "R",
        "stats"
      ],
      "Hash": "72e840ba2949bbeb517f7a1ae04cf56c"
    },
    "renv": {
      "Package": "renv",
      "Version": "1.0.11",
      "Source": "Repository",
      "Repository": "CRAN",
      "Requirements": [
        "utils"
      ],
      "Hash": "47623f66b4e80b3b0587bc5d7b309888"
    },
    "rlang": {
      "Package": "rlang",
      "Version": "1.1.5",
      "Source": "Repository",
      "Repository": "CRAN",
      "Requirements": [
        "R",
        "utils"
      ],
      "Hash": "724dcc1490cd7071ee75ca2994a5446e"
    },
    "sodium": {
      "Package": "sodium",
      "Version": "1.4.0",
      "Source": "Repository",
      "Repository": "CRAN",
      "Hash": "ae00d33a499e429a04409bc1167c4995"
    },
    "stringi": {
      "Package": "stringi",
      "Version": "1.8.4",
      "Source": "Repository",
      "Repository": "CRAN",
      "Requirements": [
        "R",
        "stats",
        "tools",
        "utils"
      ],
      "Hash": "39e1144fd75428983dc3f63aa53dfa91"
    },
    "swagger": {
      "Package": "swagger",
      "Version": "5.17.14.1",
      "Source": "Repository",
      "Repository": "CRAN",
      "Hash": "cd09053b2f1e87c0fa6c1c470e54ebb8"
    },
    "webutils": {
      "Package": "webutils",
      "Version": "1.2.2",
      "Source": "Repository",
      "Repository": "CRAN",
      "Requirements": [
        "curl",
        "jsonlite"
      ],
      "Hash": "2dbcd7c8fcbe044cf76dac3c6a0a41c6"
    }
  }
}
